
Microsoft Visual Studio Solution File, Format Version 12.00
# Visual Studio 15
VisualStudioVersion = 15.0.26430.12
MinimumVisualStudioVersion = 10.0.40219.1
Project("{FAE04EC0-301F-11D3-BF4B-00C04F79EFBC}") = "Maintenance_Scheduler_BAL", "Maintenance_Scheduler_BAL\Maintenance_Scheduler_BAL.csproj", "{C2212C35-89F3-4ED0-83C4-7812C04EE3A0}"
EndProject
Project("{FAE04EC0-301F-11D3-BF4B-00C04F79EFBC}") = "Maintenance_Scheduler_UI", "Maintenance_Scheduler_UI\Maintenance_Scheduler_UI.csproj", "{308A93C7-8A8E-47CA-BB16-3B74027C814A}"
EndProject
Project("{FAE04EC0-301F-11D3-BF4B-00C04F79EFBC}") = "Maintenance_Scheduler_DAL", "Maintenance_Scheduler_DAL\Maintenance_Scheduler_DAL.csproj", "{EBC03B0E-3B9B-4393-9509-DC4FDF2291D6}"
EndProject
Project("{FAE04EC0-301F-11D3-BF4B-00C04F79EFBC}") = "MailingModule", "MailingModule\MailingModule.csproj", "{21C8B2E2-B6BC-42BD-847A-32EC4475C5B6}"
EndProject
Global
	GlobalSection(SolutionConfigurationPlatforms) = preSolution
		Debug|Any CPU = Debug|Any CPU
		Release|Any CPU = Release|Any CPU
	EndGlobalSection
	GlobalSection(ProjectConfigurationPlatforms) = postSolution
		{C2212C35-89F3-4ED0-83C4-7812C04EE3A0}.Debug|Any CPU.ActiveCfg = Debug|Any CPU
		{C2212C35-89F3-4ED0-83C4-7812C04EE3A0}.Debug|Any CPU.Build.0 = Debug|Any CPU
		{C2212C35-89F3-4ED0-83C4-7812C04EE3A0}.Release|Any CPU.ActiveCfg = Release|Any CPU
		{C2212C35-89F3-4ED0-83C4-7812C04EE3A0}.Release|Any CPU.Build.0 = Release|Any CPU
		{308A93C7-8A8E-47CA-BB16-3B74027C814A}.Debug|Any CPU.ActiveCfg = Debug|Any CPU
		{308A93C7-8A8E-47CA-BB16-3B74027C814A}.Debug|Any CPU.Build.0 = Debug|Any CPU
		{308A93C7-8A8E-47CA-BB16-3B74027C814A}.Release|Any CPU.ActiveCfg = Release|Any CPU
		{308A93C7-8A8E-47CA-BB16-3B74027C814A}.Release|Any CPU.Build.0 = Release|Any CPU
		{EBC03B0E-3B9B-4393-9509-DC4FDF2291D6}.Debug|Any CPU.ActiveCfg = Debug|Any CPU
		{EBC03B0E-3B9B-4393-9509-DC4FDF2291D6}.Debug|Any CPU.Build.0 = Debug|Any CPU
		{EBC03B0E-3B9B-4393-9509-DC4FDF2291D6}.Release|Any CPU.ActiveCfg = Release|Any CPU
		{EBC03B0E-3B9B-4393-9509-DC4FDF2291D6}.Release|Any CPU.Build.0 = Release|Any CPU
		{21C8B2E2-B6BC-42BD-847A-32EC4475C5B6}.Debug|Any CPU.ActiveCfg = Debug|Any CPU
		{21C8B2E2-B6BC-42BD-847A-32EC4475C5B6}.Debug|Any CPU.Build.0 = Debug|Any CPU
		{21C8B2E2-B6BC-42BD-847A-32EC4475C5B6}.Release|Any CPU.ActiveCfg = Release|Any CPU
		{21C8B2E2-B6BC-42BD-847A-32EC4475C5B6}.Release|Any CPU.Build.0 = Release|Any CPU
	EndGlobalSection
	GlobalSection(SolutionProperties) = preSolution
		HideSolutionNode = FALSE
	EndGlobalSection
EndGlobal
